github.com/go-sql-driver/mysql v1.7.1 h1:lUIinVbN1DY0xBg0eMOzmmtGoHwWBbvnWubQUrtU8EI=
github.com/go-sql-driver/mysql v1.7.1/go.mod h1:OXbVy3sEdcQ2Doequ6Z5BW6fXNQTmx+9S1MCJN5yJMI=
github.com/katasec/utils v0.0.0-20230315160342-768feba6a715 h1:DR6TBd9T9/CDqRewVDYAU2WWmsLnSxlkhKdM/KaeqrQ=
github.com/katasec/utils v0.0.0-20230315160342-768feba6a715/go.mod h1:PLf+4c79sefjUeUFKXxe7vp/LEf6YdUA4oJAVvqDtuQ=
github.com/mattn/go-sqlite3 v1.14.6 h1:dNPt6NO46WmLVt2DLNpwczCmdV5boIZ6g/tlDrlRUbg=
github.com/mattn/go-sqlite3 v1.14.6/go.mod h1:NyWgC/yNuGj7Q9rpYnZvas74GogHl5/Z4A/KQRfk6bU=
